
Microsoft Visual Studio Solution File, Format Version 12.00
# Visual Studio Version 17
VisualStudioVersion = 17.6.33723.286
MinimumVisualStudioVersion = 10.0.40219.1
Project("{FAE04EC0-301F-11D3-BF4B-00C04F79EFBC}") = "Aplikacja do statystyk", "Aplikacja do statystyk\Aplikacja do statystyk.csproj", "{121F8E83-78F3-48A2-A8F1-28990C0FE605}"
EndProject
Global
	GlobalSection(SolutionConfigurationPlatforms) = preSolution
		Debug|Any CPU = Debug|Any CPU
		Release|Any CPU = Release|Any CPU
	EndGlobalSection
	GlobalSection(ProjectConfigurationPlatforms) = postSolution
		{121F8E83-78F3-48A2-A8F1-28990C0FE605}.Debug|Any CPU.ActiveCfg = Debug|Any CPU
		{121F8E83-78F3-48A2-A8F1-28990C0FE605}.Debug|Any CPU.Build.0 = Debug|Any CPU
		{121F8E83-78F3-48A2-A8F1-28990C0FE605}.Release|Any CPU.ActiveCfg = Release|Any CPU
		{121F8E83-78F3-48A2-A8F1-28990C0FE605}.Release|Any CPU.Build.0 = Release|Any CPU
	EndGlobalSection
	GlobalSection(SolutionProperties) = preSolution
		HideSolutionNode = FALSE
	EndGlobalSection
	GlobalSection(ExtensibilityGlobals) = postSolution
		SolutionGuid = {82005855-6867-4638-9193-C4BB2FDDCE77}
	EndGlobalSection
EndGlobal
